
Microsoft Visual Studio Solution File, Format Version 12.00
# Visual Studio 15
VisualStudioVersion = 15.0.28010.2046
MinimumVisualStudioVersion = 10.0.40219.1
Project("{FAE04EC0-301F-11D3-BF4B-00C04F79EFBC}") = "RGR_PROECTIROVANIE", "RGR_PROECTIROVANIE\RGR_PROECTIROVANIE.csproj", "{457146B2-B614-47CC-A874-FBE9EB348078}"
EndProject
Project("{FAE04EC0-301F-11D3-BF4B-00C04F79EFBC}") = "UnitTestProject", "UnitTestProject\UnitTestProject.csproj", "{8E045F56-4445-48C6-AA06-BE4217A28AB4}"
EndProject
Global
	GlobalSection(SolutionConfigurationPlatforms) = preSolution
		Debug|Any CPU = Debug|Any CPU
		Release|Any CPU = Release|Any CPU
	EndGlobalSection
	GlobalSection(ProjectConfigurationPlatforms) = postSolution
		{457146B2-B614-47CC-A874-FBE9EB348078}.Debug|Any CPU.ActiveCfg = Debug|Any CPU
		{457146B2-B614-47CC-A874-FBE9EB348078}.Debug|Any CPU.Build.0 = Debug|Any CPU
		{457146B2-B614-47CC-A874-FBE9EB348078}.Release|Any CPU.ActiveCfg = Release|Any CPU
		{457146B2-B614-47CC-A874-FBE9EB348078}.Release|Any CPU.Build.0 = Release|Any CPU
		{8E045F56-4445-48C6-AA06-BE4217A28AB4}.Debug|Any CPU.ActiveCfg = Debug|Any CPU
		{8E045F56-4445-48C6-AA06-BE4217A28AB4}.Debug|Any CPU.Build.0 = Debug|Any CPU
		{8E045F56-4445-48C6-AA06-BE4217A28AB4}.Release|Any CPU.ActiveCfg = Release|Any CPU
		{8E045F56-4445-48C6-AA06-BE4217A28AB4}.Release|Any CPU.Build.0 = Release|Any CPU
	EndGlobalSection
	GlobalSection(SolutionProperties) = preSolution
		HideSolutionNode = FALSE
	EndGlobalSection
	GlobalSection(ExtensibilityGlobals) = postSolution
		SolutionGuid = {5DEABC47-D879-45DA-84A5-DBF19774721F}
	EndGlobalSection
EndGlobal
